
Microsoft Visual Studio Solution File, Format Version 12.00
# Visual Studio Version 17
VisualStudioVersion = 17.4.33205.214
MinimumVisualStudioVersion = 10.0.40219.1
Project("{9A19103F-16F7-4668-BE54-9A1E7A4F7556}") = "CSharpProgramming.Tests", "CSharpProgramming.Tests\CSharpProgramming.Tests.csproj", "{86ADEA2E-49E6-41AA-A3EF-6AC7D180C108}"
EndProject
Project("{9A19103F-16F7-4668-BE54-9A1E7A4F7556}") = "CSharpProgramming.Study", "CSharpProgramming.Study\CSharpProgramming.Study.csproj", "{B2A1C70C-525B-4EE3-A5BB-DEC7FCAD1B2E}"
EndProject
Global
	GlobalSection(SolutionConfigurationPlatforms) = preSolution
		Debug|Any CPU = Debug|Any CPU
		Release|Any CPU = Release|Any CPU
	EndGlobalSection
	GlobalSection(ProjectConfigurationPlatforms) = postSolution
		{86ADEA2E-49E6-41AA-A3EF-6AC7D180C108}.Debug|Any CPU.ActiveCfg = Debug|Any CPU
		{86ADEA2E-49E6-41AA-A3EF-6AC7D180C108}.Debug|Any CPU.Build.0 = Debug|Any CPU
		{86ADEA2E-49E6-41AA-A3EF-6AC7D180C108}.Release|Any CPU.ActiveCfg = Release|Any CPU
		{86ADEA2E-49E6-41AA-A3EF-6AC7D180C108}.Release|Any CPU.Build.0 = Release|Any CPU
		{B2A1C70C-525B-4EE3-A5BB-DEC7FCAD1B2E}.Debug|Any CPU.ActiveCfg = Debug|Any CPU
		{B2A1C70C-525B-4EE3-A5BB-DEC7FCAD1B2E}.Debug|Any CPU.Build.0 = Debug|Any CPU
		{B2A1C70C-525B-4EE3-A5BB-DEC7FCAD1B2E}.Release|Any CPU.ActiveCfg = Release|Any CPU
		{B2A1C70C-525B-4EE3-A5BB-DEC7FCAD1B2E}.Release|Any CPU.Build.0 = Release|Any CPU
	EndGlobalSection
	GlobalSection(SolutionProperties) = preSolution
		HideSolutionNode = FALSE
	EndGlobalSection
	GlobalSection(ExtensibilityGlobals) = postSolution
		SolutionGuid = {F1D037BA-EB74-44A1-A8EB-EE4655D88006}
	EndGlobalSection
EndGlobal
